
Microsoft Visual Studio Solution File, Format Version 12.00
# Visual Studio Version 17
VisualStudioVersion = 17.2.32526.322
MinimumVisualStudioVersion = 10.0.40219.1
Project("{9A19103F-16F7-4668-BE54-9A1E7A4F7556}") = "DotNetLearning", "DotNetLearning\DotNetLearning.csproj", "{93C01DB4-66C5-4624-A52E-244596E265FB}"
EndProject
Project("{9A19103F-16F7-4668-BE54-9A1E7A4F7556}") = "DotNetLearningTest", "DotNetLearningTest\DotNetLearningTest.csproj", "{02A38186-471C-4413-8A4A-70BDAC7F2D72}"
EndProject
Project("{9A19103F-16F7-4668-BE54-9A1E7A4F7556}") = "QuickSort", "QuickSort\QuickSort.csproj", "{04EC7A91-7FD6-4326-B263-140A7FB370E8}"
EndProject
Project("{9A19103F-16F7-4668-BE54-9A1E7A4F7556}") = "immitation", "immitation\immitation.csproj", "{04995289-A67F-4266-ACB6-DB98C1A3C04D}"
EndProject
Global
	GlobalSection(SolutionConfigurationPlatforms) = preSolution
		Debug|Any CPU = Debug|Any CPU
		Release|Any CPU = Release|Any CPU
	EndGlobalSection
	GlobalSection(ProjectConfigurationPlatforms) = postSolution
		{93C01DB4-66C5-4624-A52E-244596E265FB}.Debug|Any CPU.ActiveCfg = Debug|Any CPU
		{93C01DB4-66C5-4624-A52E-244596E265FB}.Debug|Any CPU.Build.0 = Debug|Any CPU
		{93C01DB4-66C5-4624-A52E-244596E265FB}.Release|Any CPU.ActiveCfg = Release|Any CPU
		{93C01DB4-66C5-4624-A52E-244596E265FB}.Release|Any CPU.Build.0 = Release|Any CPU
		{02A38186-471C-4413-8A4A-70BDAC7F2D72}.Debug|Any CPU.ActiveCfg = Debug|Any CPU
		{02A38186-471C-4413-8A4A-70BDAC7F2D72}.Debug|Any CPU.Build.0 = Debug|Any CPU
		{02A38186-471C-4413-8A4A-70BDAC7F2D72}.Release|Any CPU.ActiveCfg = Release|Any CPU
		{02A38186-471C-4413-8A4A-70BDAC7F2D72}.Release|Any CPU.Build.0 = Release|Any CPU
		{04EC7A91-7FD6-4326-B263-140A7FB370E8}.Debug|Any CPU.ActiveCfg = Debug|Any CPU
		{04EC7A91-7FD6-4326-B263-140A7FB370E8}.Debug|Any CPU.Build.0 = Debug|Any CPU
		{04EC7A91-7FD6-4326-B263-140A7FB370E8}.Release|Any CPU.ActiveCfg = Release|Any CPU
		{04EC7A91-7FD6-4326-B263-140A7FB370E8}.Release|Any CPU.Build.0 = Release|Any CPU
		{04995289-A67F-4266-ACB6-DB98C1A3C04D}.Debug|Any CPU.ActiveCfg = Debug|Any CPU
		{04995289-A67F-4266-ACB6-DB98C1A3C04D}.Debug|Any CPU.Build.0 = Debug|Any CPU
		{04995289-A67F-4266-ACB6-DB98C1A3C04D}.Release|Any CPU.ActiveCfg = Release|Any CPU
		{04995289-A67F-4266-ACB6-DB98C1A3C04D}.Release|Any CPU.Build.0 = Release|Any CPU
	EndGlobalSection
	GlobalSection(SolutionProperties) = preSolution
		HideSolutionNode = FALSE
	EndGlobalSection
	GlobalSection(ExtensibilityGlobals) = postSolution
		SolutionGuid = {407C5B27-65A9-4F17-B385-E658C6E44864}
	EndGlobalSection
EndGlobal
