
Microsoft Visual Studio Solution File, Format Version 12.00
# Visual Studio Version 17
VisualStudioVersion = 17.3.32929.385
MinimumVisualStudioVersion = 10.0.40219.1
Project("{FAE04EC0-301F-11D3-BF4B-00C04F79EFBC}") = "Car", "Car\Car.csproj", "{BE094B39-5D0E-4152-9FE2-5EBFE34C8427}"
EndProject
Global
	GlobalSection(SolutionConfigurationPlatforms) = preSolution
		Debug|Any CPU = Debug|Any CPU
		Release|Any CPU = Release|Any CPU
	EndGlobalSection
	GlobalSection(ProjectConfigurationPlatforms) = postSolution
		{BE094B39-5D0E-4152-9FE2-5EBFE34C8427}.Debug|Any CPU.ActiveCfg = Debug|Any CPU
		{BE094B39-5D0E-4152-9FE2-5EBFE34C8427}.Debug|Any CPU.Build.0 = Debug|Any CPU
		{BE094B39-5D0E-4152-9FE2-5EBFE34C8427}.Release|Any CPU.ActiveCfg = Release|Any CPU
		{BE094B39-5D0E-4152-9FE2-5EBFE34C8427}.Release|Any CPU.Build.0 = Release|Any CPU
	EndGlobalSection
	GlobalSection(SolutionProperties) = preSolution
		HideSolutionNode = FALSE
	EndGlobalSection
	GlobalSection(ExtensibilityGlobals) = postSolution
		SolutionGuid = {37D2C04F-A453-4401-A11F-FB14475CF185}
	EndGlobalSection
EndGlobal
