
Microsoft Visual Studio Solution File, Format Version 12.00
# Visual Studio Version 17
VisualStudioVersion = 17.3.32929.385
MinimumVisualStudioVersion = 10.0.40219.1
Project("{FAE04EC0-301F-11D3-BF4B-00C04F79EFBC}") = "CopyPaste", "CopyPaste\CopyPaste.csproj", "{4BA039C2-8722-48FC-816D-A6DE75C5A606}"
EndProject
Global
	GlobalSection(SolutionConfigurationPlatforms) = preSolution
		Debug|Any CPU = Debug|Any CPU
		Release|Any CPU = Release|Any CPU
	EndGlobalSection
	GlobalSection(ProjectConfigurationPlatforms) = postSolution
		{4BA039C2-8722-48FC-816D-A6DE75C5A606}.Debug|Any CPU.ActiveCfg = Debug|Any CPU
		{4BA039C2-8722-48FC-816D-A6DE75C5A606}.Debug|Any CPU.Build.0 = Debug|Any CPU
		{4BA039C2-8722-48FC-816D-A6DE75C5A606}.Release|Any CPU.ActiveCfg = Release|Any CPU
		{4BA039C2-8722-48FC-816D-A6DE75C5A606}.Release|Any CPU.Build.0 = Release|Any CPU
	EndGlobalSection
	GlobalSection(SolutionProperties) = preSolution
		HideSolutionNode = FALSE
	EndGlobalSection
	GlobalSection(ExtensibilityGlobals) = postSolution
		SolutionGuid = {89C679EB-907F-43C0-97E4-5082189CBCA4}
	EndGlobalSection
EndGlobal
