
Microsoft Visual Studio Solution File, Format Version 12.00
# Visual Studio Version 17
VisualStudioVersion = 17.3.32929.385
MinimumVisualStudioVersion = 10.0.40219.1
Project("{FAE04EC0-301F-11D3-BF4B-00C04F79EFBC}") = "Breadth-first search", "Breadth-first search\Breadth-first search.csproj", "{A8942823-5E2A-4304-8598-7E6DD5AEFB71}"
EndProject
Global
	GlobalSection(SolutionConfigurationPlatforms) = preSolution
		Debug|Any CPU = Debug|Any CPU
		Release|Any CPU = Release|Any CPU
	EndGlobalSection
	GlobalSection(ProjectConfigurationPlatforms) = postSolution
		{A8942823-5E2A-4304-8598-7E6DD5AEFB71}.Debug|Any CPU.ActiveCfg = Debug|Any CPU
		{A8942823-5E2A-4304-8598-7E6DD5AEFB71}.Debug|Any CPU.Build.0 = Debug|Any CPU
		{A8942823-5E2A-4304-8598-7E6DD5AEFB71}.Release|Any CPU.ActiveCfg = Release|Any CPU
		{A8942823-5E2A-4304-8598-7E6DD5AEFB71}.Release|Any CPU.Build.0 = Release|Any CPU
	EndGlobalSection
	GlobalSection(SolutionProperties) = preSolution
		HideSolutionNode = FALSE
	EndGlobalSection
	GlobalSection(ExtensibilityGlobals) = postSolution
		SolutionGuid = {B187E4CA-01E9-44CE-AE87-0A0D3B7FA30B}
	EndGlobalSection
EndGlobal
